agent = []

[metadata]
lock_version = 1
declaration_hash_version = 1
declaration_hash = "sha256:b4a1fc7c7a1dd14a8551e72091688858552b8ff2b181668a3b897aa90cc52a15"
generated_by = "grim 0.14.0"
generated_at = "2026-09-06T17:41:46Z"

[[skill]]
name = "ai-config-authoring"
pinned = "ghcr.io/grimoire-rs/skills/ai-config-authoring@sha256:f89a210d77918758f5fbc6b18eb11dbc5d7a5018e8531be0cb6665e6a9568a68"
bundle = "ghcr.io/grimoire-rs/bundles/grim-essentials"
bundle_tag = "latest"

[[skill]]
name = "grim-authoring"
pinned = "ghcr.io/grimoire-rs/skills/grim-authoring@sha256:52b23ce303346fec753d08247a7e5508a89366de52d2e7c0903af304bc9752d7"
bundle = "ghcr.io/grimoire-rs/bundles/grim-essentials"
bundle_tag = "latest"

[[skill]]
name = "grim-usage"
pinned = "ghcr.io/grimoire-rs/skills/grim-usage@sha256:f9746a9e2239c1e53a4b1f58fb2b8ec7d1e01515fb58383f44d72997d7bb12e1"
bundle = "ghcr.io/grimoire-rs/bundles/grim-essentials"
bundle_tag = "latest"

[[skill]]
name = "hex-architect"
path = "./hex/hex-architect"
hash = "sha256:d08f9de824269e340baaa9ad74713db4208cb951008c1cc26faeee3f8f581997"

[[skill]]
name = "hex-core"
path = "./hex/hex-core"
hash = "sha256:625b526dd065d8b02fe451996edf4ee50f3c54d29eaf450ae49d292ae37056f5"

[[skill]]
name = "hex-discuss"
path = "./hex/hex-discuss"
hash = "sha256:49bd9a0233f1894662356ab5783dc22288f3c3eefa897d0a3ce491c3b686c173"

[[skill]]
name = "hex-execute"
path = "./hex/hex-execute"
hash = "sha256:e190ebc98dc023313455194a2044fa5a08b9732f6386eee2085dd6464a477b96"

[[skill]]
name = "hex-finalize"
path = "./hex/hex-finalize"
hash = "sha256:1901d4fd992a661cf68a82eda712d2fa31cf2a5b32fbd5403a4c51de329cee5c"

[[skill]]
name = "hex-init"
path = "./hex/hex-init"
hash = "sha256:6ed15352c71a2badf5c5ab170c05151d5b66fb8d103697b26310e19c8a788a89"

[[skill]]
name = "hex-plan"
path = "./hex/hex-plan"
hash = "sha256:785913ca91394c21343d45cc9b387c6762862ea16a5d500d6ac42ceeab9a0b66"

[[skill]]
name = "hex-review"
path = "./hex/hex-review"
hash = "sha256:07fa7b48db0712034ac521c8b3c665186ec9f410c79c011299de357d26e0355e"

[[rule]]
name = "hex-state"
path = "./hex/hex-state.md"
hash = "sha256:ca4690c27caf092c67d76b0a4f52cd8d9f02e1d3a87da5e2eb63cd0d45b0cb98"

[[bundle]]
name = "grim-essentials"
repo = "ghcr.io/grimoire-rs/bundles/grim-essentials"
tag = "latest"
pinned = "ghcr.io/grimoire-rs/bundles/grim-essentials@sha256:d376f3f76d7f05ea2b5065b84435d6ad7450992f8324ba84c5b2cdc3d47ea118"

[[bundle.member]]
kind = "skill"
name = "ai-config-authoring"
id = "ghcr.io/grimoire-rs/skills/ai-config-authoring:0"

[[bundle.member]]
kind = "skill"
name = "grim-authoring"
id = "ghcr.io/grimoire-rs/skills/grim-authoring:0"

[[bundle.member]]
kind = "skill"
name = "grim-usage"
id = "ghcr.io/grimoire-rs/skills/grim-usage:0"
