agent = []

[metadata]
lock_version = 1
declaration_hash_version = 1
declaration_hash = "sha256:b4a1fc7c7a1dd14a8551e72091688858552b8ff2b181668a3b897aa90cc52a15"
generated_by = "grim 0.14.0"
generated_at = "2026-09-06T12:15:29Z"

[[skill]]
name = "ai-config-authoring"
pinned = "ghcr.io/grimoire-rs/skills/ai-config-authoring@sha256:f89a210d77918758f5fbc6b18eb11dbc5d7a5018e8531be0cb6665e6a9568a68"
bundle = "ghcr.io/grimoire-rs/bundles/grim-essentials"
bundle_tag = "latest"

[[skill]]
name = "grim-authoring"
pinned = "ghcr.io/grimoire-rs/skills/grim-authoring@sha256:52b23ce303346fec753d08247a7e5508a89366de52d2e7c0903af304bc9752d7"
bundle = "ghcr.io/grimoire-rs/bundles/grim-essentials"
bundle_tag = "latest"

[[skill]]
name = "grim-usage"
pinned = "ghcr.io/grimoire-rs/skills/grim-usage@sha256:f9746a9e2239c1e53a4b1f58fb2b8ec7d1e01515fb58383f44d72997d7bb12e1"
bundle = "ghcr.io/grimoire-rs/bundles/grim-essentials"
bundle_tag = "latest"

[[skill]]
name = "hex-architect"
path = "./hex/hex-architect"
hash = "sha256:9e5f50eadd2b18d428b56926fe2df244dcf8c4ae7bb6dd23fbc8abf0c2f6a633"

[[skill]]
name = "hex-core"
path = "./hex/hex-core"
hash = "sha256:1e7d4c0117b855244bf9adc394244ecd4073616d3227ae6d0738b83e94cf483d"

[[skill]]
name = "hex-discuss"
path = "./hex/hex-discuss"
hash = "sha256:c2f8a4d948b7bd7037e125c0ea497587fe1edc2ace5df240f37e2dbfb195a041"

[[skill]]
name = "hex-execute"
path = "./hex/hex-execute"
hash = "sha256:20b1923cd67479ca73ce88c19137434414d3d91c70af4f962043fb50c746d094"

[[skill]]
name = "hex-finalize"
path = "./hex/hex-finalize"
hash = "sha256:1901d4fd992a661cf68a82eda712d2fa31cf2a5b32fbd5403a4c51de329cee5c"

[[skill]]
name = "hex-init"
path = "./hex/hex-init"
hash = "sha256:5b7a2ccfa7e42bd94dcf9b45f10d519539bceebe21b7be9b52217f57739fa1f3"

[[skill]]
name = "hex-plan"
path = "./hex/hex-plan"
hash = "sha256:93021f500a33d7528aa35a29d14bb245c52cbca16afaca7a3adaec04f14b8254"

[[skill]]
name = "hex-review"
path = "./hex/hex-review"
hash = "sha256:c821b1085810995835e066db9c16f03afd19f5e412380dde9a31f18a04c66f92"

[[rule]]
name = "hex-state"
path = "./hex/hex-state.md"
hash = "sha256:ca4690c27caf092c67d76b0a4f52cd8d9f02e1d3a87da5e2eb63cd0d45b0cb98"

[[bundle]]
name = "grim-essentials"
repo = "ghcr.io/grimoire-rs/bundles/grim-essentials"
tag = "latest"
pinned = "ghcr.io/grimoire-rs/bundles/grim-essentials@sha256:d376f3f76d7f05ea2b5065b84435d6ad7450992f8324ba84c5b2cdc3d47ea118"

[[bundle.member]]
kind = "skill"
name = "ai-config-authoring"
id = "ghcr.io/grimoire-rs/skills/ai-config-authoring:0"

[[bundle.member]]
kind = "skill"
name = "grim-authoring"
id = "ghcr.io/grimoire-rs/skills/grim-authoring:0"

[[bundle.member]]
kind = "skill"
name = "grim-usage"
id = "ghcr.io/grimoire-rs/skills/grim-usage:0"
