agent = []

[metadata]
lock_version = 1
declaration_hash_version = 1
declaration_hash = "sha256:b4a1fc7c7a1dd14a8551e72091688858552b8ff2b181668a3b897aa90cc52a15"
generated_by = "grim 0.13.0"
generated_at = "2026-08-30T07:11:27Z"

[[skill]]
name = "ai-config-authoring"
pinned = "ghcr.io/grimoire-rs/skills/ai-config-authoring@sha256:88176b0b03c6fc45b8a320c2ccebae864e0a760f6a31a5ebd110dae2e38f228b"
bundle = "ghcr.io/grimoire-rs/bundles/grim-essentials"
bundle_tag = "latest"

[[skill]]
name = "grim-authoring"
pinned = "ghcr.io/grimoire-rs/skills/grim-authoring@sha256:115c4eff472fd969e5e8f3c5aae71b2e6b28d6cf736543d0fb1f2c2ceb45faea"
bundle = "ghcr.io/grimoire-rs/bundles/grim-essentials"
bundle_tag = "latest"

[[skill]]
name = "grim-usage"
pinned = "ghcr.io/grimoire-rs/skills/grim-usage@sha256:b71c164a23625bd519ccf3fde8fdcf443bcf7520192d8ef4fe19c4c7b2846c46"
bundle = "ghcr.io/grimoire-rs/bundles/grim-essentials"
bundle_tag = "latest"

[[skill]]
name = "hex-architect"
path = "./hex/hex-architect"
hash = "sha256:712e713d96b210edb673761910f798a80acffdda81af7c4048a40bb0fecbf460"

[[skill]]
name = "hex-core"
path = "./hex/hex-core"
hash = "sha256:b27c2f4e73faf6c448f6b68103aa837a2ff051d563a47781eb16cd63afa5f797"

[[skill]]
name = "hex-discuss"
path = "./hex/hex-discuss"
hash = "sha256:f18956c88c847e381b862149a73d7bc3943e31659a6f4166dd7f85a16ade796b"

[[skill]]
name = "hex-execute"
path = "./hex/hex-execute"
hash = "sha256:6413fbbb355557a6b05d103d4f96c0adf25a31e9006ff3493ce69d502129314b"

[[skill]]
name = "hex-finalize"
path = "./hex/hex-finalize"
hash = "sha256:058ac9a3ab50f9bc35aecc706766004bf06ee7c9e4e5d59de2e224c586232b4d"

[[skill]]
name = "hex-init"
path = "./hex/hex-init"
hash = "sha256:ef77623feca6058678926c86293440720b543a84b83ea20ea2fef7dfb85cd404"

[[skill]]
name = "hex-plan"
path = "./hex/hex-plan"
hash = "sha256:2f0a08163c6fb654b7d891381ef50a3d854c48538205341c5adddb083dd94dfa"

[[skill]]
name = "hex-review"
path = "./hex/hex-review"
hash = "sha256:8bea529fa95158af553b9c84c76eb2792cbba244229d5d03b8b94abcd19f801a"

[[rule]]
name = "hex-state"
path = "./hex/hex-state.md"
hash = "sha256:ca4690c27caf092c67d76b0a4f52cd8d9f02e1d3a87da5e2eb63cd0d45b0cb98"

[[bundle]]
name = "grim-essentials"
repo = "ghcr.io/grimoire-rs/bundles/grim-essentials"
tag = "latest"
pinned = "ghcr.io/grimoire-rs/bundles/grim-essentials@sha256:98e3f5abc7d9de4c4c68f44f0686112da78ab15518e15b5d7bfd8fc0a2dca213"

[[bundle.member]]
kind = "skill"
name = "ai-config-authoring"
id = "ghcr.io/grimoire-rs/skills/ai-config-authoring:0"

[[bundle.member]]
kind = "skill"
name = "grim-authoring"
id = "ghcr.io/grimoire-rs/skills/grim-authoring:0"

[[bundle.member]]
kind = "skill"
name = "grim-usage"
id = "ghcr.io/grimoire-rs/skills/grim-usage:0"
